
Microsoft Visual Studio Solution File, Format Version 12.00
# Visual Studio Version 16
VisualStudioVersion = 16.0.33927.289
MinimumVisualStudioVersion = 10.0.40219.1
Project("{FAE04EC0-301F-11D3-BF4B-00C04F79EFBC}") = "DATA-98-DESKTOP", "DATA-98-DESKTOP\DATA-98-DESKTOP.csproj", "{64D10345-67BA-4F2B-B7D4-17E65935D03C}"
EndProject
Global
	GlobalSection(SolutionConfigurationPlatforms) = preSolution
		Debug|Any CPU = Debug|Any CPU
		Release|Any CPU = Release|Any CPU
	EndGlobalSection
	GlobalSection(ProjectConfigurationPlatforms) = postSolution
		{64D10345-67BA-4F2B-B7D4-17E65935D03C}.Debug|Any CPU.ActiveCfg = Debug|Any CPU
		{64D10345-67BA-4F2B-B7D4-17E65935D03C}.Debug|Any CPU.Build.0 = Debug|Any CPU
		{64D10345-67BA-4F2B-B7D4-17E65935D03C}.Release|Any CPU.ActiveCfg = Release|Any CPU
		{64D10345-67BA-4F2B-B7D4-17E65935D03C}.Release|Any CPU.Build.0 = Release|Any CPU
	EndGlobalSection
	GlobalSection(SolutionProperties) = preSolution
		HideSolutionNode = FALSE
	EndGlobalSection
	GlobalSection(ExtensibilityGlobals) = postSolution
		SolutionGuid = {E11184CF-F957-4B7D-9ED8-5ADADA69D2B1}
	EndGlobalSection
EndGlobal
